
Microsoft Visual Studio Solution File, Format Version 12.00
# Visual Studio Version 17
VisualStudioVersion = 17.7.34202.233
MinimumVisualStudioVersion = 10.0.40219.1
Project("{FAE04EC0-301F-11D3-BF4B-00C04F79EFBC}") = "WebApiInventario", "WebApiInventario\WebApiInventario.csproj", "{59FBC59C-ADD3-4755-AE1D-E5B9C4D62A5A}"
EndProject
Global
	GlobalSection(SolutionConfigurationPlatforms) = preSolution
		Debug|Any CPU = Debug|Any CPU
		Release|Any CPU = Release|Any CPU
	EndGlobalSection
	GlobalSection(ProjectConfigurationPlatforms) = postSolution
		{59FBC59C-ADD3-4755-AE1D-E5B9C4D62A5A}.Debug|Any CPU.ActiveCfg = Debug|Any CPU
		{59FBC59C-ADD3-4755-AE1D-E5B9C4D62A5A}.Debug|Any CPU.Build.0 = Debug|Any CPU
		{59FBC59C-ADD3-4755-AE1D-E5B9C4D62A5A}.Release|Any CPU.ActiveCfg = Release|Any CPU
		{59FBC59C-ADD3-4755-AE1D-E5B9C4D62A5A}.Release|Any CPU.Build.0 = Release|Any CPU
	EndGlobalSection
	GlobalSection(SolutionProperties) = preSolution
		HideSolutionNode = FALSE
	EndGlobalSection
	GlobalSection(ExtensibilityGlobals) = postSolution
		SolutionGuid = {8E0C43D2-8657-4C6C-9330-04F1C62654B2}
	EndGlobalSection
EndGlobal
